
Microsoft Visual Studio Solution File, Format Version 12.00
# Visual Studio Version 17
VisualStudioVersion = 17.1.32210.238
MinimumVisualStudioVersion = 10.0.40219.1
Project("{9A19103F-16F7-4668-BE54-9A1E7A4F7556}") = "Telegram.Bot.Extensions.Commands", "Telegram.Bot.Extensions.Commands\Telegram.Bot.Extensions.Commands.csproj", "{BDD10062-31AA-4BE8-B9EB-EB26D54160ED}"
EndProject
Global
	GlobalSection(SolutionConfigurationPlatforms) = preSolution
		Debug|Any CPU = Debug|Any CPU
		Release|Any CPU = Release|Any CPU
	EndGlobalSection
	GlobalSection(ProjectConfigurationPlatforms) = postSolution
		{BDD10062-31AA-4BE8-B9EB-EB26D54160ED}.Debug|Any CPU.ActiveCfg = Debug|Any CPU
		{BDD10062-31AA-4BE8-B9EB-EB26D54160ED}.Debug|Any CPU.Build.0 = Debug|Any CPU
		{BDD10062-31AA-4BE8-B9EB-EB26D54160ED}.Release|Any CPU.ActiveCfg = Release|Any CPU
		{BDD10062-31AA-4BE8-B9EB-EB26D54160ED}.Release|Any CPU.Build.0 = Release|Any CPU
	EndGlobalSection
	GlobalSection(SolutionProperties) = preSolution
		HideSolutionNode = FALSE
	EndGlobalSection
	GlobalSection(ExtensibilityGlobals) = postSolution
		SolutionGuid = {6228CC18-4F99-4D9A-8136-765BB39B4E89}
	EndGlobalSection
EndGlobal
